
Microsoft Visual Studio Solution File, Format Version 12.00
# Visual Studio Version 16
VisualStudioVersion = 16.0.29209.152
MinimumVisualStudioVersion = 10.0.40219.1
Project("{FAE04EC0-301F-11D3-BF4B-00C04F79EFBC}") = "PhotoSort", "PhotoSort\PhotoSort.csproj", "{6F4CBE8D-482A-41CA-9952-E80F8484422C}"
EndProject
Project("{FAE04EC0-301F-11D3-BF4B-00C04F79EFBC}") = "PhotoSortForms", "PhotoSortForms\PhotoSortForms.csproj", "{5A0B3F8A-BA81-4A12-9EAB-CE3F98DF25A4}"
EndProject
Global
	GlobalSection(SolutionConfigurationPlatforms) = preSolution
		Debug|Any CPU = Debug|Any CPU
		Release|Any CPU = Release|Any CPU
	EndGlobalSection
	GlobalSection(ProjectConfigurationPlatforms) = postSolution
		{6F4CBE8D-482A-41CA-9952-E80F8484422C}.Debug|Any CPU.ActiveCfg = Debug|Any CPU
		{6F4CBE8D-482A-41CA-9952-E80F8484422C}.Debug|Any CPU.Build.0 = Debug|Any CPU
		{6F4CBE8D-482A-41CA-9952-E80F8484422C}.Release|Any CPU.ActiveCfg = Release|Any CPU
		{6F4CBE8D-482A-41CA-9952-E80F8484422C}.Release|Any CPU.Build.0 = Release|Any CPU
		{5A0B3F8A-BA81-4A12-9EAB-CE3F98DF25A4}.Debug|Any CPU.ActiveCfg = Debug|Any CPU
		{5A0B3F8A-BA81-4A12-9EAB-CE3F98DF25A4}.Debug|Any CPU.Build.0 = Debug|Any CPU
		{5A0B3F8A-BA81-4A12-9EAB-CE3F98DF25A4}.Release|Any CPU.ActiveCfg = Release|Any CPU
		{5A0B3F8A-BA81-4A12-9EAB-CE3F98DF25A4}.Release|Any CPU.Build.0 = Release|Any CPU
	EndGlobalSection
	GlobalSection(SolutionProperties) = preSolution
		HideSolutionNode = FALSE
	EndGlobalSection
	GlobalSection(ExtensibilityGlobals) = postSolution
		SolutionGuid = {F8279628-FCFE-493C-A4AB-2019B1C87E1A}
	EndGlobalSection
EndGlobal
